// !$*UTF8*$!
{
	archiveVersion = 1;
	classes = {
	};
	objectVersion = 46;
	objects = {

/* Begin PBXBuildFile section */
		7C226BFF1DB9A836003134AD /* ZQImageManager.m in Sources */ = {isa = PBXBuildFile; fileRef = 7C226BFE1DB9A836003134AD /* ZQImageManager.m */; };
		7C79E27D1DB328BE00248F9D /* main.m in Sources */ = {isa = PBXBuildFile; fileRef = 7C79E27C1DB328BE00248F9D /* main.m */; };
		7C79E2801DB328BE00248F9D /* AppDelegate.m in Sources */ = {isa = PBXBuildFile; fileRef = 7C79E27F1DB328BE00248F9D /* AppDelegate.m */; };
		7C79E2831DB328BE00248F9D /* ViewController.m in Sources */ = {isa = PBXBuildFile; fileRef = 7C79E2821DB328BE00248F9D /* ViewController.m */; };
		7C79E2861DB328BE00248F9D /* Main.storyboard in Resources */ = {isa = PBXBuildFile; fileRef = 7C79E2841DB328BE00248F9D /* Main.storyboard */; };
		7C79E2881DB328BE00248F9D /* Assets.xcassets in Resources */ = {isa = PBXBuildFile; fileRef = 7C79E2871DB328BE00248F9D /* Assets.xcassets */; };
		7C79E28B1DB328BE00248F9D /* LaunchScreen.storyboard in Resources */ = {isa = PBXBuildFile; fileRef = 7C79E2891DB328BE00248F9D /* LaunchScreen.storyboard */; };
		7C79E2951DB3533900248F9D /* ZQImageCache.m in Sources */ = {isa = PBXBuildFile; fileRef = 7C79E2941DB3533900248F9D /* ZQImageCache.m */; };
		7C79E29B1DB3CC5800248F9D /* ZQImageDownloadManager.m in Sources */ = {isa = PBXBuildFile; fileRef = 7C79E29A1DB3CC5800248F9D /* ZQImageDownloadManager.m */; };
		7C79E29E1DB3CF5700248F9D /* ZQImageDownloadOperation.m in Sources */ = {isa = PBXBuildFile; fileRef = 7C79E29D1DB3CF5700248F9D /* ZQImageDownloadOperation.m */; };
/* End PBXBuildFile section */

/* Begin PBXFileReference section */
		7C226BFD1DB9A836003134AD /* ZQImageManager.h */ = {isa = PBXFileReference; fileEncoding = 4; lastKnownFileType = sourcecode.c.h; path = ZQImageManager.h; sourceTree = "<group>"; };
		7C226BFE1DB9A836003134AD /* ZQImageManager.m */ = {isa = PBXFileReference; fileEncoding = 4; lastKnownFileType = sourcecode.c.objc; path = ZQImageManager.m; sourceTree = "<group>"; };
		7C79E2781DB328BE00248F9D /* ZQImageDownloader.app */ = {isa = PBXFileReference; explicitFileType = wrapper.application; includeInIndex = 0; path = ZQImageDownloader.app; sourceTree = BUILT_PRODUCTS_DIR; };
		7C79E27C1DB328BE00248F9D /* main.m */ = {isa = PBXFileReference; lastKnownFileType = sourcecode.c.objc; path = main.m; sourceTree = "<group>"; };
		7C79E27E1DB328BE00248F9D /* AppDelegate.h */ = {isa = PBXFileReference; lastKnownFileType = sourcecode.c.h; path = AppDelegate.h; sourceTree = "<group>"; };
		7C79E27F1DB328BE00248F9D /* AppDelegate.m */ = {isa = PBXFileReference; lastKnownFileType = sourcecode.c.objc; path = AppDelegate.m; sourceTree = "<group>"; };
		7C79E2811DB328BE00248F9D /* ViewController.h */ = {isa = PBXFileReference; lastKnownFileType = sourcecode.c.h; path = ViewController.h; sourceTree = "<group>"; };
		7C79E2821DB328BE00248F9D /* ViewController.m */ = {isa = PBXFileReference; lastKnownFileType = sourcecode.c.objc; path = ViewController.m; sourceTree = "<group>"; };
		7C79E2851DB328BE00248F9D /* Base */ = {isa = PBXFileReference; lastKnownFileType = file.storyboard; name = Base; path = Base.lproj/Main.storyboard; sourceTree = "<group>"; };
		7C79E2871DB328BE00248F9D /* Assets.xcassets */ = {isa = PBXFileReference; lastKnownFileType = folder.assetcatalog; path = Assets.xcassets; sourceTree = "<group>"; };
		7C79E28A1DB328BE00248F9D /* Base */ = {isa = PBXFileReference; lastKnownFileType = file.storyboard; name = Base; path = Base.lproj/LaunchScreen.storyboard; sourceTree = "<group>"; };
		7C79E28C1DB328BE00248F9D /* Info.plist */ = {isa = PBXFileReference; lastKnownFileType = text.plist.xml; path = Info.plist; sourceTree = "<group>"; };
		7C79E2931DB3533900248F9D /* ZQImageCache.h */ = {isa = PBXFileReference; fileEncoding = 4; lastKnownFileType = sourcecode.c.h; path = ZQImageCache.h; sourceTree = "<group>"; };
		7C79E2941DB3533900248F9D /* ZQImageCache.m */ = {isa = PBXFileReference; fileEncoding = 4; lastKnownFileType = sourcecode.c.objc; path = ZQImageCache.m; sourceTree = "<group>"; };
		7C79E2991DB3CC5800248F9D /* ZQImageDownloadManager.h */ = {isa = PBXFileReference; fileEncoding = 4; lastKnownFileType = sourcecode.c.h; path = ZQImageDownloadManager.h; sourceTree = "<group>"; };
		7C79E29A1DB3CC5800248F9D /* ZQImageDownloadManager.m */ = {isa = PBXFileReference; fileEncoding = 4; lastKnownFileType = sourcecode.c.objc; path = ZQImageDownloadManager.m; sourceTree = "<group>"; };
		7C79E29C1DB3CF5700248F9D /* ZQImageDownloadOperation.h */ = {isa = PBXFileReference; fileEncoding = 4; lastKnownFileType = sourcecode.c.h; path = ZQImageDownloadOperation.h; sourceTree = "<group>"; };
		7C79E29D1DB3CF5700248F9D /* ZQImageDownloadOperation.m */ = {isa = PBXFileReference; fileEncoding = 4; lastKnownFileType = sourcecode.c.objc; path = ZQImageDownloadOperation.m; sourceTree = "<group>"; };
		7C79E2A11DB7B79500248F9D /* ZQImageDownloadHeader.h */ = {isa = PBXFileReference; lastKnownFileType = sourcecode.c.h; path = ZQImageDownloadHeader.h; sourceTree = "<group>"; };
/* End PBXFileReference section */

/* Begin PBXFrameworksBuildPhase section */
		7C79E2751DB328BE00248F9D /* Frameworks */ = {
			isa = PBXFrameworksBuildPhase;
			buildActionMask = 2147483647;
			files = (
			);
			runOnlyForDeploymentPostprocessing = 0;
		};
/* End PBXFrameworksBuildPhase section */

/* Begin PBXGroup section */
		7C79E26F1DB328BE00248F9D = {
			isa = PBXGroup;
			children = (
				7C79E27A1DB328BE00248F9D /* ZQImageDownloader */,
				7C79E2791DB328BE00248F9D /* Products */,
			);
			sourceTree = "<group>";
		};
		7C79E2791DB328BE00248F9D /* Products */ = {
			isa = PBXGroup;
			children = (
				7C79E2781DB328BE00248F9D /* ZQImageDownloader.app */,
			);
			name = Products;
			sourceTree = "<group>";
		};
		7C79E27A1DB328BE00248F9D /* ZQImageDownloader */ = {
			isa = PBXGroup;
			children = (
				7C79E27E1DB328BE00248F9D /* AppDelegate.h */,
				7C79E27F1DB328BE00248F9D /* AppDelegate.m */,
				7C79E2811DB328BE00248F9D /* ViewController.h */,
				7C79E2821DB328BE00248F9D /* ViewController.m */,
				7C226BFD1DB9A836003134AD /* ZQImageManager.h */,
				7C226BFE1DB9A836003134AD /* ZQImageManager.m */,
				7C79E2931DB3533900248F9D /* ZQImageCache.h */,
				7C79E2941DB3533900248F9D /* ZQImageCache.m */,
				7C79E2991DB3CC5800248F9D /* ZQImageDownloadManager.h */,
				7C79E29A1DB3CC5800248F9D /* ZQImageDownloadManager.m */,
				7C79E29C1DB3CF5700248F9D /* ZQImageDownloadOperation.h */,
				7C79E29D1DB3CF5700248F9D /* ZQImageDownloadOperation.m */,
				7C79E2A11DB7B79500248F9D /* ZQImageDownloadHeader.h */,
				7C79E2841DB328BE00248F9D /* Main.storyboard */,
				7C79E2871DB328BE00248F9D /* Assets.xcassets */,
				7C79E2891DB328BE00248F9D /* LaunchScreen.storyboard */,
				7C79E28C1DB328BE00248F9D /* Info.plist */,
				7C79E27B1DB328BE00248F9D /* Supporting Files */,
			);
			path = ZQImageDownloader;
			sourceTree = "<group>";
		};
		7C79E27B1DB328BE00248F9D /* Supporting Files */ = {
			isa = PBXGroup;
			children = (
				7C79E27C1DB328BE00248F9D /* main.m */,
			);
			name = "Supporting Files";
			sourceTree = "<group>";
		};
/* End PBXGroup section */

/* Begin PBXNativeTarget section */
		7C79E2771DB328BE00248F9D /* ZQImageDownloader */ = {
			isa = PBXNativeTarget;
			buildConfigurationList = 7C79E28F1DB328BE00248F9D /* Build configuration list for PBXNativeTarget "ZQImageDownloader" */;
			buildPhases = (
				7C79E2741DB328BE00248F9D /* Sources */,
				7C79E2751DB328BE00248F9D /* Frameworks */,
				7C79E2761DB328BE00248F9D /* Resources */,
			);
			buildRules = (
			);
			dependencies = (
			);
			name = ZQImageDownloader;
			productName = ZQImageDownloader;
			productReference = 7C79E2781DB328BE00248F9D /* ZQImageDownloader.app */;
			productType = "com.apple.product-type.application";
		};
/* End PBXNativeTarget section */

/* Begin PBXProject section */
		7C79E2701DB328BE00248F9D /* Project object */ = {
			isa = PBXProject;
			attributes = {
				LastUpgradeCheck = 0730;
				ORGANIZATIONNAME = "Zhou Qian";
				TargetAttributes = {
					7C79E2771DB328BE00248F9D = {
						CreatedOnToolsVersion = 7.3.1;
					};
				};
			};
			buildConfigurationList = 7C79E2731DB328BE00248F9D /* Build configuration list for PBXProject "ZQImageDownloader" */;
			compatibilityVersion = "Xcode 3.2";
			developmentRegion = English;
			hasScannedForEncodings = 0;
			knownRegions = (
				en,
				Base,
			);
			mainGroup = 7C79E26F1DB328BE00248F9D;
			productRefGroup = 7C79E2791DB328BE00248F9D /* Products */;
			projectDirPath = "";
			projectRoot = "";
			targets = (
				7C79E2771DB328BE00248F9D /* ZQImageDownloader */,
			);
		};
/* End PBXProject section */

/* Begin PBXResourcesBuildPhase section */
		7C79E2761DB328BE00248F9D /* Resources */ = {
			isa = PBXResourcesBuildPhase;
			buildActionMask = 2147483647;
			files = (
				7C79E28B1DB328BE00248F9D /* LaunchScreen.storyboard in Resources */,
				7C79E2881DB328BE00248F9D /* Assets.xcassets in Resources */,
				7C79E2861DB328BE00248F9D /* Main.storyboard in Resources */,
			);
			runOnlyForDeploymentPostprocessing = 0;
		};
/* End PBXResourcesBuildPhase section */

/* Begin PBXSourcesBuildPhase section */
		7C79E2741DB328BE00248F9D /* Sources */ = {
			isa = PBXSourcesBuildPhase;
			buildActionMask = 2147483647;
			files = (
				7C79E29E1DB3CF5700248F9D /* ZQImageDownloadOperation.m in Sources */,
				7C79E2831DB328BE00248F9D /* ViewController.m in Sources */,
				7C79E2801DB328BE00248F9D /* AppDelegate.m in Sources */,
				7C226BFF1DB9A836003134AD /* ZQImageManager.m in Sources */,
				7C79E29B1DB3CC5800248F9D /* ZQImageDownloadManager.m in Sources */,
				7C79E27D1DB328BE00248F9D /* main.m in Sources */,
				7C79E2951DB3533900248F9D /* ZQImageCache.m in Sources */,
			);
			runOnlyForDeploymentPostprocessing = 0;
		};
/* End PBXSourcesBuildPhase section */

/* Begin PBXVariantGroup section */
		7C79E2841DB328BE00248F9D /* Main.storyboard */ = {
			isa = PBXVariantGroup;
			children = (
				7C79E2851DB328BE00248F9D /* Base */,
			);
			name = Main.storyboard;
			sourceTree = "<group>";
		};
		7C79E2891DB328BE00248F9D /* LaunchScreen.storyboard */ = {
			isa = PBXVariantGroup;
			children = (
				7C79E28A1DB328BE00248F9D /* Base */,
			);
			name = LaunchScreen.storyboard;
			sourceTree = "<group>";
		};
/* End PBXVariantGroup section */

/* Begin XCBuildConfiguration section */
		7C79E28D1DB328BE00248F9D /* Debug */ = {
			isa = XCBuildConfiguration;
			buildSettings = {
				ALWAYS_SEARCH_USER_PATHS = NO;
				CLANG_ANALYZER_NONNULL = YES;
				CLANG_CXX_LANGUAGE_STANDARD = "gnu++0x";
				CLANG_CXX_LIBRARY = "libc++";
				CLANG_ENABLE_MODULES = YES;
				CLANG_ENABLE_OBJC_ARC = YES;
				CLANG_WARN_BOOL_CONVERSION = YES;
				CLANG_WARN_CONSTANT_CONVERSION = YES;
				CLANG_WARN_DIRECT_OBJC_ISA_USAGE = YES_ERROR;
				CLANG_WARN_EMPTY_BODY = YES;
				CLANG_WARN_ENUM_CONVERSION = YES;
				CLANG_WARN_INT_CONVERSION = YES;
				CLANG_WARN_OBJC_ROOT_CLASS = YES_ERROR;
				CLANG_WARN_UNREACHABLE_CODE = YES;
				CLANG_WARN__DUPLICATE_METHOD_MATCH = YES;
				"CODE_SIGN_IDENTITY[sdk=iphoneos*]" = "iPhone Developer";
				COPY_PHASE_STRIP = NO;
				DEBUG_INFORMATION_FORMAT = dwarf;
				ENABLE_STRICT_OBJC_MSGSEND = YES;
				ENABLE_TESTABILITY = YES;
				GCC_C_LANGUAGE_STANDARD = gnu99;
				GCC_DYNAMIC_NO_PIC = NO;
				GCC_NO_COMMON_BLOCKS = YES;
				GCC_OPTIMIZATION_LEVEL = 0;
				GCC_PREPROCESSOR_DEFINITIONS = (
					"DEBUG=1",
					"$(inherited)",
				);
				GCC_WARN_64_TO_32_BIT_CONVERSION = YES;
				GCC_WARN_ABOUT_RETURN_TYPE = YES_ERROR;
				GCC_WARN_UNDECLARED_SELECTOR = YES;
				GCC_WARN_UNINITIALIZED_AUTOS = YES_AGGRESSIVE;
				GCC_WARN_UNUSED_FUNCTION = YES;
				GCC_WARN_UNUSED_VARIABLE = YES;
				IPHONEOS_DEPLOYMENT_TARGET = 9.3;
				MTL_ENABLE_DEBUG_INFO = YES;
				ONLY_ACTIVE_ARCH = YES;
				SDKROOT = iphoneos;
			};
			name = Debug;
		};
		7C79E28E1DB328BE00248F9D /* Release */ = {
			isa = XCBuildConfiguration;
			buildSettings = {
				ALWAYS_SEARCH_USER_PATHS = NO;
				CLANG_ANALYZER_NONNULL = YES;
				CLANG_CXX_LANGUAGE_STANDARD = "gnu++0x";
				CLANG_CXX_LIBRARY = "libc++";
				CLANG_ENABLE_MODULES = YES;
				CLANG_ENABLE_OBJC_ARC = YES;
				CLANG_WARN_BOOL_CONVERSION = YES;
				CLANG_WARN_CONSTANT_CONVERSION = YES;
				CLANG_WARN_DIRECT_OBJC_ISA_USAGE = YES_ERROR;
				CLANG_WARN_EMPTY_BODY = YES;
				CLANG_WARN_ENUM_CONVERSION = YES;
				CLANG_WARN_INT_CONVERSION = YES;
				CLANG_WARN_OBJC_ROOT_CLASS = YES_ERROR;
				CLANG_WARN_UNREACHABLE_CODE = YES;
				CLANG_WARN__DUPLICATE_METHOD_MATCH = YES;
				"CODE_SIGN_IDENTITY[sdk=iphoneos*]" = "iPhone Developer";
				COPY_PHASE_STRIP = NO;
				DEBUG_INFORMATION_FORMAT = "dwarf-with-dsym";
				ENABLE_NS_ASSERTIONS = NO;
				ENABLE_STRICT_OBJC_MSGSEND = YES;
				GCC_C_LANGUAGE_STANDARD = gnu99;
				GCC_NO_COMMON_BLOCKS = YES;
				GCC_WARN_64_TO_32_BIT_CONVERSION = YES;
				GCC_WARN_ABOUT_RETURN_TYPE = YES_ERROR;
				GCC_WARN_UNDECLARED_SELECTOR = YES;
				GCC_WARN_UNINITIALIZED_AUTOS = YES_AGGRESSIVE;
				GCC_WARN_UNUSED_FUNCTION = YES;
				GCC_WARN_UNUSED_VARIABLE = YES;
				IPHONEOS_DEPLOYMENT_TARGET = 9.3;
				MTL_ENABLE_DEBUG_INFO = NO;
				SDKROOT = iphoneos;
				VALIDATE_PRODUCT = YES;
			};
			name = Release;
		};
		7C79E2901DB328BE00248F9D /* Debug */ = {
			isa = XCBuildConfiguration;
			buildSettings = {
				ASSETCATALOG_COMPILER_APPICON_NAME = AppIcon;
				INFOPLIST_FILE = ZQImageDownloader/Info.plist;
				LD_RUNPATH_SEARCH_PATHS = "$(inherited) @executable_path/Frameworks";
				PRODUCT_BUNDLE_IDENTIFIER = angle.ZQImageDownloader;
				PRODUCT_NAME = "$(TARGET_NAME)";
			};
			name = Debug;
		};
		7C79E2911DB328BE00248F9D /* Release */ = {
			isa = XCBuildConfiguration;
			buildSettings = {
				ASSETCATALOG_COMPILER_APPICON_NAME = AppIcon;
				INFOPLIST_FILE = ZQImageDownloader/Info.plist;
				LD_RUNPATH_SEARCH_PATHS = "$(inherited) @executable_path/Frameworks";
				PRODUCT_BUNDLE_IDENTIFIER = angle.ZQImageDownloader;
				PRODUCT_NAME = "$(TARGET_NAME)";
			};
			name = Release;
		};
/* End XCBuildConfiguration section */

/* Begin XCConfigurationList section */
		7C79E2731DB328BE00248F9D /* Build configuration list for PBXProject "ZQImageDownloader" */ = {
			isa = XCConfigurationList;
			buildConfigurations = (
				7C79E28D1DB328BE00248F9D /* Debug */,
				7C79E28E1DB328BE00248F9D /* Release */,
			);
			defaultConfigurationIsVisible = 0;
			defaultConfigurationName = Release;
		};
		7C79E28F1DB328BE00248F9D /* Build configuration list for PBXNativeTarget "ZQImageDownloader" */ = {
			isa = XCConfigurationList;
			buildConfigurations = (
				7C79E2901DB328BE00248F9D /* Debug */,
				7C79E2911DB328BE00248F9D /* Release */,
			);
			defaultConfigurationIsVisible = 0;
			defaultConfigurationName = Release;
		};
/* End XCConfigurationList section */
	};
	rootObject = 7C79E2701DB328BE00248F9D /* Project object */;
}
